
Microsoft Visual Studio Solution File, Format Version 12.00
# Visual Studio 14
VisualStudioVersion = 14.0.23107.0
MinimumVisualStudioVersion = 10.0.40219.1
Project("{78C9907C-C22D-4F8D-B13A-49F213FF1631}") = "deckofcards-rs", "deckofcards-rs.rsproj", "{D6265E12-1B91-4E1A-9A81-3DDA29D28361}"
EndProject
Global
	GlobalSection(SolutionConfigurationPlatforms) = preSolution
		Debug|default = Debug|default
		Release|default = Release|default
	EndGlobalSection
	GlobalSection(ProjectConfigurationPlatforms) = postSolution
		{D6265E12-1B91-4E1A-9A81-3DDA29D28361}.Debug|default.ActiveCfg = Debug|default
		{D6265E12-1B91-4E1A-9A81-3DDA29D28361}.Debug|default.Build.0 = Debug|default
		{D6265E12-1B91-4E1A-9A81-3DDA29D28361}.Release|default.ActiveCfg = Release|default
		{D6265E12-1B91-4E1A-9A81-3DDA29D28361}.Release|default.Build.0 = Release|default
	EndGlobalSection
	GlobalSection(SolutionProperties) = preSolution
		HideSolutionNode = FALSE
	EndGlobalSection
EndGlobal
